
Microsoft Visual Studio Solution File, Format Version 12.00
# Visual Studio 15
VisualStudioVersion = 15.0.28010.2003
MinimumVisualStudioVersion = 10.0.40219.1
Project("{FAE04EC0-301F-11D3-BF4B-00C04F79EFBC}") = "SintinePowerExcel", "SintinePowerExcel\SintinePowerExcel.csproj", "{76D712AA-F536-4094-90B2-A4E6C070D263}"
EndProject
Global
	GlobalSection(SolutionConfigurationPlatforms) = preSolution
		Debug|Any CPU = Debug|Any CPU
		Release|Any CPU = Release|Any CPU
	EndGlobalSection
	GlobalSection(ProjectConfigurationPlatforms) = postSolution
		{76D712AA-F536-4094-90B2-A4E6C070D263}.Debug|Any CPU.ActiveCfg = Debug|Any CPU
		{76D712AA-F536-4094-90B2-A4E6C070D263}.Debug|Any CPU.Build.0 = Debug|Any CPU
		{76D712AA-F536-4094-90B2-A4E6C070D263}.Release|Any CPU.ActiveCfg = Release|Any CPU
		{76D712AA-F536-4094-90B2-A4E6C070D263}.Release|Any CPU.Build.0 = Release|Any CPU
	EndGlobalSection
	GlobalSection(SolutionProperties) = preSolution
		HideSolutionNode = FALSE
	EndGlobalSection
	GlobalSection(ExtensibilityGlobals) = postSolution
		SolutionGuid = {B13A6F6F-4BFB-4E05-95F6-DE5158B4D052}
	EndGlobalSection
EndGlobal
